
Microsoft Visual Studio Solution File, Format Version 12.00
# Visual Studio Version 17
VisualStudioVersion = 17.3.32901.215
MinimumVisualStudioVersion = 10.0.40219.1
Project("{FAE04EC0-301F-11D3-BF4B-00C04F79EFBC}") = "ZainsCintRobotCleaner", "ZainsCintRobotCleaner\ZainsCintRobotCleaner.csproj", "{006F8C6F-6B6F-44A3-B2BC-729BFE16F885}"
EndProject
Project("{FAE04EC0-301F-11D3-BF4B-00C04F79EFBC}") = "Cleaner.Domain", "Cleaner.Domain\Cleaner.Domain.csproj", "{4C896DC5-1449-47C3-8364-5FD2EBEC6807}"
EndProject
Project("{FAE04EC0-301F-11D3-BF4B-00C04F79EFBC}") = "Cleaner.Service", "Cleaner.Service\Cleaner.Service.csproj", "{6C498FEC-1FC5-4BCA-9E5B-F367D1D003AB}"
EndProject
Global
	GlobalSection(SolutionConfigurationPlatforms) = preSolution
		Debug|Any CPU = Debug|Any CPU
		Release|Any CPU = Release|Any CPU
	EndGlobalSection
	GlobalSection(ProjectConfigurationPlatforms) = postSolution
		{006F8C6F-6B6F-44A3-B2BC-729BFE16F885}.Debug|Any CPU.ActiveCfg = Debug|Any CPU
		{006F8C6F-6B6F-44A3-B2BC-729BFE16F885}.Debug|Any CPU.Build.0 = Debug|Any CPU
		{006F8C6F-6B6F-44A3-B2BC-729BFE16F885}.Release|Any CPU.ActiveCfg = Release|Any CPU
		{006F8C6F-6B6F-44A3-B2BC-729BFE16F885}.Release|Any CPU.Build.0 = Release|Any CPU
		{4C896DC5-1449-47C3-8364-5FD2EBEC6807}.Debug|Any CPU.ActiveCfg = Debug|Any CPU
		{4C896DC5-1449-47C3-8364-5FD2EBEC6807}.Debug|Any CPU.Build.0 = Debug|Any CPU
		{4C896DC5-1449-47C3-8364-5FD2EBEC6807}.Release|Any CPU.ActiveCfg = Release|Any CPU
		{4C896DC5-1449-47C3-8364-5FD2EBEC6807}.Release|Any CPU.Build.0 = Release|Any CPU
		{6C498FEC-1FC5-4BCA-9E5B-F367D1D003AB}.Debug|Any CPU.ActiveCfg = Debug|Any CPU
		{6C498FEC-1FC5-4BCA-9E5B-F367D1D003AB}.Debug|Any CPU.Build.0 = Debug|Any CPU
		{6C498FEC-1FC5-4BCA-9E5B-F367D1D003AB}.Release|Any CPU.ActiveCfg = Release|Any CPU
		{6C498FEC-1FC5-4BCA-9E5B-F367D1D003AB}.Release|Any CPU.Build.0 = Release|Any CPU
	EndGlobalSection
	GlobalSection(SolutionProperties) = preSolution
		HideSolutionNode = FALSE
	EndGlobalSection
	GlobalSection(ExtensibilityGlobals) = postSolution
		SolutionGuid = {3F6FA03E-1E6A-4EED-9D84-ACC2CAF29A9C}
	EndGlobalSection
EndGlobal
